
Microsoft Visual Studio Solution File, Format Version 12.00
# Visual Studio Version 17
VisualStudioVersion = 17.13.35931.197 d17.13
MinimumVisualStudioVersion = 10.0.40219.1
Project("{FAE04EC0-301F-11D3-BF4B-00C04F79EFBC}") = "1", "1\1.csproj", "{3DBA175E-464D-43BC-BE20-F3383C1DF714}"
EndProject
Global
	GlobalSection(SolutionConfigurationPlatforms) = preSolution
		Debug|Any CPU = Debug|Any CPU
		Release|Any CPU = Release|Any CPU
	EndGlobalSection
	GlobalSection(ProjectConfigurationPlatforms) = postSolution
		{3DBA175E-464D-43BC-BE20-F3383C1DF714}.Debug|Any CPU.ActiveCfg = Debug|Any CPU
		{3DBA175E-464D-43BC-BE20-F3383C1DF714}.Debug|Any CPU.Build.0 = Debug|Any CPU
		{3DBA175E-464D-43BC-BE20-F3383C1DF714}.Release|Any CPU.ActiveCfg = Release|Any CPU
		{3DBA175E-464D-43BC-BE20-F3383C1DF714}.Release|Any CPU.Build.0 = Release|Any CPU
	EndGlobalSection
	GlobalSection(SolutionProperties) = preSolution
		HideSolutionNode = FALSE
	EndGlobalSection
	GlobalSection(ExtensibilityGlobals) = postSolution
		SolutionGuid = {B0B8D711-3E32-4111-B1B5-4AF920558F48}
	EndGlobalSection
EndGlobal
